
Microsoft Visual Studio Solution File, Format Version 12.00
# Visual Studio Version 17
VisualStudioVersion = 17.0.31903.59
MinimumVisualStudioVersion = 10.0.40219.1
Project("{2150E333-8FDC-42A3-9474-1A3956D46DE8}") = "src", "src", "{827E0CD3-B72D-47B6-A68D-7590B98EB39B}"
EndProject
Project("{FAE04EC0-301F-11D3-BF4B-00C04F79EFBC}") = "AuctionService", "src\AuctionService\AuctionService.csproj", "{A9ECFFCF-A6BB-476F-8B39-B296DD779239}"
EndProject
Project("{FAE04EC0-301F-11D3-BF4B-00C04F79EFBC}") = "SearchService", "src\SearchService\SearchService.csproj", "{3640A23D-218F-4C80-AA70-7D7EB3C20730}"
EndProject
Project("{FAE04EC0-301F-11D3-BF4B-00C04F79EFBC}") = "Contracts", "src\Contracts\Contracts.csproj", "{4AF521C6-D941-4738-BFFD-A953C306CF89}"
EndProject
Project("{FAE04EC0-301F-11D3-BF4B-00C04F79EFBC}") = "IdentityService", "src\IdentityService\IdentityService.csproj", "{4FE24CE4-2044-4041-88CC-4E9AEA7FADBF}"
EndProject
Project("{FAE04EC0-301F-11D3-BF4B-00C04F79EFBC}") = "GatewayService", "src\GatewayService\GatewayService.csproj", "{266A89FC-6FF6-463E-BE73-2F2008CAEC54}"
EndProject
Project("{2150E333-8FDC-42A3-9474-1A3956D46DE8}") = "tests", "tests", "{0AB3BF05-4346-4AA6-1389-037BE0695223}"
EndProject
Project("{FAE04EC0-301F-11D3-BF4B-00C04F79EFBC}") = "AuctionService.UnitTests", "tests\AuctionService.UnitTests\AuctionService.UnitTests.csproj", "{2A669AD1-E42A-44AD-9342-A374F878BA45}"
EndProject
Project("{FAE04EC0-301F-11D3-BF4B-00C04F79EFBC}") = "AuctionService.IntegrationTests", "tests\AuctionService.IntegrationTests\AuctionService.IntegrationTests.csproj", "{6EFF0933-4D08-4DF3-B5A9-C9D884845FB9}"
EndProject
Project("{FAE04EC0-301F-11D3-BF4B-00C04F79EFBC}") = "BiddingService", "src\BiddingService\BiddingService.csproj", "{E987BEFA-C3BB-4E8C-AEA0-B66311D28D99}"
EndProject
Global
	GlobalSection(SolutionConfigurationPlatforms) = preSolution
		Debug|Any CPU = Debug|Any CPU
		Debug|x64 = Debug|x64
		Debug|x86 = Debug|x86
		Release|Any CPU = Release|Any CPU
		Release|x64 = Release|x64
		Release|x86 = Release|x86
	EndGlobalSection
	GlobalSection(ProjectConfigurationPlatforms) = postSolution
		{A9ECFFCF-A6BB-476F-8B39-B296DD779239}.Debug|Any CPU.ActiveCfg = Debug|Any CPU
		{A9ECFFCF-A6BB-476F-8B39-B296DD779239}.Debug|Any CPU.Build.0 = Debug|Any CPU
		{A9ECFFCF-A6BB-476F-8B39-B296DD779239}.Debug|x64.ActiveCfg = Debug|Any CPU
		{A9ECFFCF-A6BB-476F-8B39-B296DD779239}.Debug|x64.Build.0 = Debug|Any CPU
		{A9ECFFCF-A6BB-476F-8B39-B296DD779239}.Debug|x86.ActiveCfg = Debug|Any CPU
		{A9ECFFCF-A6BB-476F-8B39-B296DD779239}.Debug|x86.Build.0 = Debug|Any CPU
		{A9ECFFCF-A6BB-476F-8B39-B296DD779239}.Release|Any CPU.ActiveCfg = Release|Any CPU
		{A9ECFFCF-A6BB-476F-8B39-B296DD779239}.Release|Any CPU.Build.0 = Release|Any CPU
		{A9ECFFCF-A6BB-476F-8B39-B296DD779239}.Release|x64.ActiveCfg = Release|Any CPU
		{A9ECFFCF-A6BB-476F-8B39-B296DD779239}.Release|x64.Build.0 = Release|Any CPU
		{A9ECFFCF-A6BB-476F-8B39-B296DD779239}.Release|x86.ActiveCfg = Release|Any CPU
		{A9ECFFCF-A6BB-476F-8B39-B296DD779239}.Release|x86.Build.0 = Release|Any CPU
		{3640A23D-218F-4C80-AA70-7D7EB3C20730}.Debug|Any CPU.ActiveCfg = Debug|Any CPU
		{3640A23D-218F-4C80-AA70-7D7EB3C20730}.Debug|Any CPU.Build.0 = Debug|Any CPU
		{3640A23D-218F-4C80-AA70-7D7EB3C20730}.Debug|x64.ActiveCfg = Debug|Any CPU
		{3640A23D-218F-4C80-AA70-7D7EB3C20730}.Debug|x64.Build.0 = Debug|Any CPU
		{3640A23D-218F-4C80-AA70-7D7EB3C20730}.Debug|x86.ActiveCfg = Debug|Any CPU
		{3640A23D-218F-4C80-AA70-7D7EB3C20730}.Debug|x86.Build.0 = Debug|Any CPU
		{3640A23D-218F-4C80-AA70-7D7EB3C20730}.Release|Any CPU.ActiveCfg = Release|Any CPU
		{3640A23D-218F-4C80-AA70-7D7EB3C20730}.Release|Any CPU.Build.0 = Release|Any CPU
		{3640A23D-218F-4C80-AA70-7D7EB3C20730}.Release|x64.ActiveCfg = Release|Any CPU
		{3640A23D-218F-4C80-AA70-7D7EB3C20730}.Release|x64.Build.0 = Release|Any CPU
		{3640A23D-218F-4C80-AA70-7D7EB3C20730}.Release|x86.ActiveCfg = Release|Any CPU
		{3640A23D-218F-4C80-AA70-7D7EB3C20730}.Release|x86.Build.0 = Release|Any CPU
		{4AF521C6-D941-4738-BFFD-A953C306CF89}.Debug|Any CPU.ActiveCfg = Debug|Any CPU
		{4AF521C6-D941-4738-BFFD-A953C306CF89}.Debug|Any CPU.Build.0 = Debug|Any CPU
		{4AF521C6-D941-4738-BFFD-A953C306CF89}.Debug|x64.ActiveCfg = Debug|Any CPU
		{4AF521C6-D941-4738-BFFD-A953C306CF89}.Debug|x64.Build.0 = Debug|Any CPU
		{4AF521C6-D941-4738-BFFD-A953C306CF89}.Debug|x86.ActiveCfg = Debug|Any CPU
		{4AF521C6-D941-4738-BFFD-A953C306CF89}.Debug|x86.Build.0 = Debug|Any CPU
		{4AF521C6-D941-4738-BFFD-A953C306CF89}.Release|Any CPU.ActiveCfg = Release|Any CPU
		{4AF521C6-D941-4738-BFFD-A953C306CF89}.Release|Any CPU.Build.0 = Release|Any CPU
		{4AF521C6-D941-4738-BFFD-A953C306CF89}.Release|x64.ActiveCfg = Release|Any CPU
		{4AF521C6-D941-4738-BFFD-A953C306CF89}.Release|x64.Build.0 = Release|Any CPU
		{4AF521C6-D941-4738-BFFD-A953C306CF89}.Release|x86.ActiveCfg = Release|Any CPU
		{4AF521C6-D941-4738-BFFD-A953C306CF89}.Release|x86.Build.0 = Release|Any CPU
		{4FE24CE4-2044-4041-88CC-4E9AEA7FADBF}.Debug|Any CPU.ActiveCfg = Debug|Any CPU
		{4FE24CE4-2044-4041-88CC-4E9AEA7FADBF}.Debug|Any CPU.Build.0 = Debug|Any CPU
		{4FE24CE4-2044-4041-88CC-4E9AEA7FADBF}.Debug|x64.ActiveCfg = Debug|Any CPU
		{4FE24CE4-2044-4041-88CC-4E9AEA7FADBF}.Debug|x64.Build.0 = Debug|Any CPU
		{4FE24CE4-2044-4041-88CC-4E9AEA7FADBF}.Debug|x86.ActiveCfg = Debug|Any CPU
		{4FE24CE4-2044-4041-88CC-4E9AEA7FADBF}.Debug|x86.Build.0 = Debug|Any CPU
		{4FE24CE4-2044-4041-88CC-4E9AEA7FADBF}.Release|Any CPU.ActiveCfg = Release|Any CPU
		{4FE24CE4-2044-4041-88CC-4E9AEA7FADBF}.Release|Any CPU.Build.0 = Release|Any CPU
		{4FE24CE4-2044-4041-88CC-4E9AEA7FADBF}.Release|x64.ActiveCfg = Release|Any CPU
		{4FE24CE4-2044-4041-88CC-4E9AEA7FADBF}.Release|x64.Build.0 = Release|Any CPU
		{4FE24CE4-2044-4041-88CC-4E9AEA7FADBF}.Release|x86.ActiveCfg = Release|Any CPU
		{4FE24CE4-2044-4041-88CC-4E9AEA7FADBF}.Release|x86.Build.0 = Release|Any CPU
		{266A89FC-6FF6-463E-BE73-2F2008CAEC54}.Debug|Any CPU.ActiveCfg = Debug|Any CPU
		{266A89FC-6FF6-463E-BE73-2F2008CAEC54}.Debug|Any CPU.Build.0 = Debug|Any CPU
		{266A89FC-6FF6-463E-BE73-2F2008CAEC54}.Debug|x64.ActiveCfg = Debug|Any CPU
		{266A89FC-6FF6-463E-BE73-2F2008CAEC54}.Debug|x64.Build.0 = Debug|Any CPU
		{266A89FC-6FF6-463E-BE73-2F2008CAEC54}.Debug|x86.ActiveCfg = Debug|Any CPU
		{266A89FC-6FF6-463E-BE73-2F2008CAEC54}.Debug|x86.Build.0 = Debug|Any CPU
		{266A89FC-6FF6-463E-BE73-2F2008CAEC54}.Release|Any CPU.ActiveCfg = Release|Any CPU
		{266A89FC-6FF6-463E-BE73-2F2008CAEC54}.Release|Any CPU.Build.0 = Release|Any CPU
		{266A89FC-6FF6-463E-BE73-2F2008CAEC54}.Release|x64.ActiveCfg = Release|Any CPU
		{266A89FC-6FF6-463E-BE73-2F2008CAEC54}.Release|x64.Build.0 = Release|Any CPU
		{266A89FC-6FF6-463E-BE73-2F2008CAEC54}.Release|x86.ActiveCfg = Release|Any CPU
		{266A89FC-6FF6-463E-BE73-2F2008CAEC54}.Release|x86.Build.0 = Release|Any CPU
		{2A669AD1-E42A-44AD-9342-A374F878BA45}.Debug|Any CPU.ActiveCfg = Debug|Any CPU
		{2A669AD1-E42A-44AD-9342-A374F878BA45}.Debug|Any CPU.Build.0 = Debug|Any CPU
		{2A669AD1-E42A-44AD-9342-A374F878BA45}.Debug|x64.ActiveCfg = Debug|Any CPU
		{2A669AD1-E42A-44AD-9342-A374F878BA45}.Debug|x64.Build.0 = Debug|Any CPU
		{2A669AD1-E42A-44AD-9342-A374F878BA45}.Debug|x86.ActiveCfg = Debug|Any CPU
		{2A669AD1-E42A-44AD-9342-A374F878BA45}.Debug|x86.Build.0 = Debug|Any CPU
		{2A669AD1-E42A-44AD-9342-A374F878BA45}.Release|Any CPU.ActiveCfg = Release|Any CPU
		{2A669AD1-E42A-44AD-9342-A374F878BA45}.Release|Any CPU.Build.0 = Release|Any CPU
		{2A669AD1-E42A-44AD-9342-A374F878BA45}.Release|x64.ActiveCfg = Release|Any CPU
		{2A669AD1-E42A-44AD-9342-A374F878BA45}.Release|x64.Build.0 = Release|Any CPU
		{2A669AD1-E42A-44AD-9342-A374F878BA45}.Release|x86.ActiveCfg = Release|Any CPU
		{2A669AD1-E42A-44AD-9342-A374F878BA45}.Release|x86.Build.0 = Release|Any CPU
		{6EFF0933-4D08-4DF3-B5A9-C9D884845FB9}.Debug|Any CPU.ActiveCfg = Debug|Any CPU
		{6EFF0933-4D08-4DF3-B5A9-C9D884845FB9}.Debug|Any CPU.Build.0 = Debug|Any CPU
		{6EFF0933-4D08-4DF3-B5A9-C9D884845FB9}.Debug|x64.ActiveCfg = Debug|Any CPU
		{6EFF0933-4D08-4DF3-B5A9-C9D884845FB9}.Debug|x64.Build.0 = Debug|Any CPU
		{6EFF0933-4D08-4DF3-B5A9-C9D884845FB9}.Debug|x86.ActiveCfg = Debug|Any CPU
		{6EFF0933-4D08-4DF3-B5A9-C9D884845FB9}.Debug|x86.Build.0 = Debug|Any CPU
		{6EFF0933-4D08-4DF3-B5A9-C9D884845FB9}.Release|Any CPU.ActiveCfg = Release|Any CPU
		{6EFF0933-4D08-4DF3-B5A9-C9D884845FB9}.Release|Any CPU.Build.0 = Release|Any CPU
		{6EFF0933-4D08-4DF3-B5A9-C9D884845FB9}.Release|x64.ActiveCfg = Release|Any CPU
		{6EFF0933-4D08-4DF3-B5A9-C9D884845FB9}.Release|x64.Build.0 = Release|Any CPU
		{6EFF0933-4D08-4DF3-B5A9-C9D884845FB9}.Release|x86.ActiveCfg = Release|Any CPU
		{6EFF0933-4D08-4DF3-B5A9-C9D884845FB9}.Release|x86.Build.0 = Release|Any CPU
		{E987BEFA-C3BB-4E8C-AEA0-B66311D28D99}.Debug|Any CPU.ActiveCfg = Debug|Any CPU
		{E987BEFA-C3BB-4E8C-AEA0-B66311D28D99}.Debug|Any CPU.Build.0 = Debug|Any CPU
		{E987BEFA-C3BB-4E8C-AEA0-B66311D28D99}.Debug|x64.ActiveCfg = Debug|Any CPU
		{E987BEFA-C3BB-4E8C-AEA0-B66311D28D99}.Debug|x64.Build.0 = Debug|Any CPU
		{E987BEFA-C3BB-4E8C-AEA0-B66311D28D99}.Debug|x86.ActiveCfg = Debug|Any CPU
		{E987BEFA-C3BB-4E8C-AEA0-B66311D28D99}.Debug|x86.Build.0 = Debug|Any CPU
		{E987BEFA-C3BB-4E8C-AEA0-B66311D28D99}.Release|Any CPU.ActiveCfg = Release|Any CPU
		{E987BEFA-C3BB-4E8C-AEA0-B66311D28D99}.Release|Any CPU.Build.0 = Release|Any CPU
		{E987BEFA-C3BB-4E8C-AEA0-B66311D28D99}.Release|x64.ActiveCfg = Release|Any CPU
		{E987BEFA-C3BB-4E8C-AEA0-B66311D28D99}.Release|x64.Build.0 = Release|Any CPU
		{E987BEFA-C3BB-4E8C-AEA0-B66311D28D99}.Release|x86.ActiveCfg = Release|Any CPU
		{E987BEFA-C3BB-4E8C-AEA0-B66311D28D99}.Release|x86.Build.0 = Release|Any CPU
	EndGlobalSection
	GlobalSection(SolutionProperties) = preSolution
		HideSolutionNode = FALSE
	EndGlobalSection
	GlobalSection(NestedProjects) = preSolution
		{A9ECFFCF-A6BB-476F-8B39-B296DD779239} = {827E0CD3-B72D-47B6-A68D-7590B98EB39B}
		{3640A23D-218F-4C80-AA70-7D7EB3C20730} = {827E0CD3-B72D-47B6-A68D-7590B98EB39B}
		{4AF521C6-D941-4738-BFFD-A953C306CF89} = {827E0CD3-B72D-47B6-A68D-7590B98EB39B}
		{4FE24CE4-2044-4041-88CC-4E9AEA7FADBF} = {827E0CD3-B72D-47B6-A68D-7590B98EB39B}
		{266A89FC-6FF6-463E-BE73-2F2008CAEC54} = {827E0CD3-B72D-47B6-A68D-7590B98EB39B}
		{2A669AD1-E42A-44AD-9342-A374F878BA45} = {0AB3BF05-4346-4AA6-1389-037BE0695223}
		{6EFF0933-4D08-4DF3-B5A9-C9D884845FB9} = {0AB3BF05-4346-4AA6-1389-037BE0695223}
		{E987BEFA-C3BB-4E8C-AEA0-B66311D28D99} = {827E0CD3-B72D-47B6-A68D-7590B98EB39B}
	EndGlobalSection
EndGlobal
